
Microsoft Visual Studio Solution File, Format Version 12.00
# Visual Studio Version 17
VisualStudioVersion = 17.4.33122.133
MinimumVisualStudioVersion = 10.0.40219.1
Project("{FAE04EC0-301F-11D3-BF4B-00C04F79EFBC}") = "AlienShopWebsite", "AlienShopWebsite\AlienShopWebsite.csproj", "{8B1A2FFA-74E4-466F-95C0-B06435B1B880}"
EndProject
Global
	GlobalSection(SolutionConfigurationPlatforms) = preSolution
		Debug|Any CPU = Debug|Any CPU
		Release|Any CPU = Release|Any CPU
	EndGlobalSection
	GlobalSection(ProjectConfigurationPlatforms) = postSolution
		{8B1A2FFA-74E4-466F-95C0-B06435B1B880}.Debug|Any CPU.ActiveCfg = Debug|Any CPU
		{8B1A2FFA-74E4-466F-95C0-B06435B1B880}.Debug|Any CPU.Build.0 = Debug|Any CPU
		{8B1A2FFA-74E4-466F-95C0-B06435B1B880}.Release|Any CPU.ActiveCfg = Release|Any CPU
		{8B1A2FFA-74E4-466F-95C0-B06435B1B880}.Release|Any CPU.Build.0 = Release|Any CPU
	EndGlobalSection
	GlobalSection(SolutionProperties) = preSolution
		HideSolutionNode = FALSE
	EndGlobalSection
	GlobalSection(ExtensibilityGlobals) = postSolution
		SolutionGuid = {6573248A-20EC-4207-9BB7-0F9844F4531F}
	EndGlobalSection
EndGlobal
